
Microsoft Visual Studio Solution File, Format Version 12.00
# Visual Studio Version 17
VisualStudioVersion = 17.3.32929.385
MinimumVisualStudioVersion = 10.0.40219.1
Project("{FAE04EC0-301F-11D3-BF4B-00C04F79EFBC}") = "Mchine Test", "Mchine Test\Mchine Test.csproj", "{22D35EBB-B203-4AFF-828F-CAB42FC4B182}"
EndProject
Global
	GlobalSection(SolutionConfigurationPlatforms) = preSolution
		Debug|Any CPU = Debug|Any CPU
		Release|Any CPU = Release|Any CPU
	EndGlobalSection
	GlobalSection(ProjectConfigurationPlatforms) = postSolution
		{22D35EBB-B203-4AFF-828F-CAB42FC4B182}.Debug|Any CPU.ActiveCfg = Debug|Any CPU
		{22D35EBB-B203-4AFF-828F-CAB42FC4B182}.Debug|Any CPU.Build.0 = Debug|Any CPU
		{22D35EBB-B203-4AFF-828F-CAB42FC4B182}.Release|Any CPU.ActiveCfg = Release|Any CPU
		{22D35EBB-B203-4AFF-828F-CAB42FC4B182}.Release|Any CPU.Build.0 = Release|Any CPU
	EndGlobalSection
	GlobalSection(SolutionProperties) = preSolution
		HideSolutionNode = FALSE
	EndGlobalSection
	GlobalSection(ExtensibilityGlobals) = postSolution
		SolutionGuid = {B22B16BF-E4E3-4491-9013-D03BEF6AB730}
	EndGlobalSection
EndGlobal
